
Microsoft Visual Studio Solution File, Format Version 12.00
# Visual Studio Version 17
VisualStudioVersion = 17.14.36221.1 d17.14
MinimumVisualStudioVersion = 10.0.40219.1
Project("{FAE04EC0-301F-11D3-BF4B-00C04F79EFBC}") = "03-RockPaperScissors", "03-RockPaperScissors\03-RockPaperScissors.csproj", "{58CB7AFD-78A4-4A01-A92D-EAB778394CB1}"
EndProject
Global
	GlobalSection(SolutionConfigurationPlatforms) = preSolution
		Debug|Any CPU = Debug|Any CPU
		Release|Any CPU = Release|Any CPU
	EndGlobalSection
	GlobalSection(ProjectConfigurationPlatforms) = postSolution
		{58CB7AFD-78A4-4A01-A92D-EAB778394CB1}.Debug|Any CPU.ActiveCfg = Debug|Any CPU
		{58CB7AFD-78A4-4A01-A92D-EAB778394CB1}.Debug|Any CPU.Build.0 = Debug|Any CPU
		{58CB7AFD-78A4-4A01-A92D-EAB778394CB1}.Release|Any CPU.ActiveCfg = Release|Any CPU
		{58CB7AFD-78A4-4A01-A92D-EAB778394CB1}.Release|Any CPU.Build.0 = Release|Any CPU
	EndGlobalSection
	GlobalSection(SolutionProperties) = preSolution
		HideSolutionNode = FALSE
	EndGlobalSection
	GlobalSection(ExtensibilityGlobals) = postSolution
		SolutionGuid = {44BFA63F-321C-4C63-85EB-241F34259494}
	EndGlobalSection
EndGlobal
