
Microsoft Visual Studio Solution File, Format Version 12.00
# Visual Studio Version 17
VisualStudioVersion = 17.14.36221.1 d17.14
MinimumVisualStudioVersion = 10.0.40219.1
Project("{FAE04EC0-301F-11D3-BF4B-00C04F79EFBC}") = "01-Interactive-Story", "01-Interactive-Story\01-Interactive-Story.csproj", "{998AB681-233C-4D1A-A952-7368DEDA2CFE}"
EndProject
Global
	GlobalSection(SolutionConfigurationPlatforms) = preSolution
		Debug|Any CPU = Debug|Any CPU
		Release|Any CPU = Release|Any CPU
	EndGlobalSection
	GlobalSection(ProjectConfigurationPlatforms) = postSolution
		{998AB681-233C-4D1A-A952-7368DEDA2CFE}.Debug|Any CPU.ActiveCfg = Debug|Any CPU
		{998AB681-233C-4D1A-A952-7368DEDA2CFE}.Debug|Any CPU.Build.0 = Debug|Any CPU
		{998AB681-233C-4D1A-A952-7368DEDA2CFE}.Release|Any CPU.ActiveCfg = Release|Any CPU
		{998AB681-233C-4D1A-A952-7368DEDA2CFE}.Release|Any CPU.Build.0 = Release|Any CPU
	EndGlobalSection
	GlobalSection(SolutionProperties) = preSolution
		HideSolutionNode = FALSE
	EndGlobalSection
	GlobalSection(ExtensibilityGlobals) = postSolution
		SolutionGuid = {65D95CC6-F97F-497F-AD82-5DE94CBAB9B6}
	EndGlobalSection
EndGlobal
